PODS:
  - EasyPermissionX/Base (0.0.2)
  - Flutter (1.0.0)
  - flutter_easy_permission (0.0.1):
    - EasyPermissionX/Base
    - Flutter
  - flutter_naurt_sdk (0.0.1):
    - Flutter
    - Naurt.swift (= 0.0.3)
  - LASwift (0.2.5)
  - Naurt.swift (0.0.3):
    - LASwift (~> 0.2.5)
    - Zip (~> 2.1.2)
  - permission_handler_apple (9.0.4):
    - Flutter
  - Zip (2.1.2)

DEPENDENCIES:
  - Flutter (from `Flutter`)
  - flutter_easy_permission (from `.symlinks/plugins/flutter_easy_permission/ios`)
  - flutter_naurt_sdk (from `.symlinks/plugins/flutter_naurt_sdk/ios`)
  - permission_handler_apple (from `.symlinks/plugins/permission_handler_apple/ios`)

SPEC REPOS:
  trunk:
    - EasyPermissionX
    - LASwift
    - Naurt.swift
    - Zip

EXTERNAL SOURCES:
  Flutter:
    :path: Flutter
  flutter_easy_permission:
    :path: ".symlinks/plugins/flutter_easy_permission/ios"
  flutter_naurt_sdk:
    :path: ".symlinks/plugins/flutter_naurt_sdk/ios"
  permission_handler_apple:
    :path: ".symlinks/plugins/permission_handler_apple/ios"

SPEC CHECKSUMS:
  EasyPermissionX: ff4c438f6ee80488f873b4cb921e32d982523067
  Flutter: f04841e97a9d0b0a8025694d0796dd46242b2854
  flutter_easy_permission: c67b480f134ff748c069cac2d645f873de2b7880
  flutter_naurt_sdk: 934194581e4ad9278514d0851b9824542c5378ed
  LASwift: a820932178025d61856a3c32c51fdfff3b00a42c
  Naurt.swift: b1a9417931ea08f60834e0c747c1f3fcdbd7bf38
  permission_handler_apple: 44366e37eaf29454a1e7b1b7d736c2cceaeb17ce
  Zip: b3fef584b147b6e582b2256a9815c897d60ddc67

PODFILE CHECKSUM: eb179eda02c4d9ce45db6b1912a419962f739320

COCOAPODS: 1.11.3
